// !$*UTF8*$!
{
	archiveVersion = 1;
	classes = {
	};
	objectVersion = 46;
	objects = {

/* Begin PBXBuildFile section */
		6D19ED3C1D792BCB0088FDC9 /* libicucore.tbd in Frameworks */ = {isa = PBXBuildFile; fileRef = 6D19ED3B1D792BCB0088FDC9 /* libicucore.tbd */; };
		6D19ED3E1D792BD50088FDC9 /* libz.tbd in Frameworks */ = {isa = PBXBuildFile; fileRef = 6D19ED3D1D792BD50088FDC9 /* libz.tbd */; };
		6D19ED401D792BE30088FDC9 /* libstdc++.tbd in Frameworks */ = {isa = PBXBuildFile; fileRef = 6D19ED3F1D792BE30088FDC9 /* libstdc++.tbd */; };
		6D19ED421D792BEA0088FDC9 /* JavaScriptCore.framework in Frameworks */ = {isa = PBXBuildFile; fileRef = 6D19ED411D792BEA0088FDC9 /* JavaScriptCore.framework */; };
		6D19ED441D792BF30088FDC9 /* ImageIO.framework in Frameworks */ = {isa = PBXBuildFile; fileRef = 6D19ED431D792BF30088FDC9 /* ImageIO.framework */; };
		6D19ED461D792BFE0088FDC9 /* libsqlite3.tbd in Frameworks */ = {isa = PBXBuildFile; fileRef = 6D19ED451D792BFE0088FDC9 /* libsqlite3.tbd */; };
		6D19ED811D792CBA0088FDC9 /* TencentOpenAPI.framework in Frameworks */ = {isa = PBXBuildFile; fileRef = 6D19ED4A1D792CBA0088FDC9 /* TencentOpenAPI.framework */; };
		6D19ED821D792CBA0088FDC9 /* TencentOpenApi_IOS_Bundle.bundle in Resources */ = {isa = PBXBuildFile; fileRef = 6D19ED4B1D792CBA0088FDC9 /* TencentOpenApi_IOS_Bundle.bundle */; };
		6D19ED831D792CBA0088FDC9 /* libWeiboSDK.a in Frameworks */ = {isa = PBXBuildFile; fileRef = 6D19ED4D1D792CBA0088FDC9 /* libWeiboSDK.a */; };
		6D19ED841D792CBA0088FDC9 /* WeiboSDK.bundle in Resources */ = {isa = PBXBuildFile; fileRef = 6D19ED571D792CBA0088FDC9 /* WeiboSDK.bundle */; };
		6D19ED851D792CBA0088FDC9 /* libWeChatSDK.a in Frameworks */ = {isa = PBXBuildFile; fileRef = 6D19ED5B1D792CBA0088FDC9 /* libWeChatSDK.a */; };
		6D19ED861D792CBA0088FDC9 /* README.txt in Resources */ = {isa = PBXBuildFile; fileRef = 6D19ED5C1D792CBA0088FDC9 /* README.txt */; };
		6D19ED871D792CBA0088FDC9 /* XTCheckAppInstalled.m in Sources */ = {isa = PBXBuildFile; fileRef = 6D19ED621D792CBA0088FDC9 /* XTCheckAppInstalled.m */; };
		6D19ED881D792CBA0088FDC9 /* XTShareRequestHander.m in Sources */ = {isa = PBXBuildFile; fileRef = 6D19ED641D792CBA0088FDC9 /* XTShareRequestHander.m */; };
		6D19ED891D792CBA0088FDC9 /* XTShareServices.m in Sources */ = {isa = PBXBuildFile; fileRef = 6D19ED661D792CBA0088FDC9 /* XTShareServices.m */; };
		6D19ED8A1D792CBA0088FDC9 /* XTShareUI.m in Sources */ = {isa = PBXBuildFile; fileRef = 6D19ED681D792CBA0088FDC9 /* XTShareUI.m */; };
		6D19ED8B1D792CBA0088FDC9 /* XTQQApiManager.m in Sources */ = {isa = PBXBuildFile; fileRef = 6D19ED6B1D792CBA0088FDC9 /* XTQQApiManager.m */; };
		6D19ED8C1D792CBA0088FDC9 /* XTShareManager.m in Sources */ = {isa = PBXBuildFile; fileRef = 6D19ED6D1D792CBA0088FDC9 /* XTShareManager.m */; };
		6D19ED8D1D792CBA0088FDC9 /* XTWBApiManager.m in Sources */ = {isa = PBXBuildFile; fileRef = 6D19ED6F1D792CBA0088FDC9 /* XTWBApiManager.m */; };
		6D19ED8E1D792CBA0088FDC9 /* XTWXApiManager.m in Sources */ = {isa = PBXBuildFile; fileRef = 6D19ED711D792CBA0088FDC9 /* XTWXApiManager.m */; };
		6D19ED8F1D792CBA0088FDC9 /* Shared_Friend@2x.png in Resources */ = {isa = PBXBuildFile; fileRef = 6D19ED741D792CBA0088FDC9 /* Shared_Friend@2x.png */; };
		6D19ED901D792CBA0088FDC9 /* Shared_Friend@3x.png in Resources */ = {isa = PBXBuildFile; fileRef = 6D19ED751D792CBA0088FDC9 /* Shared_Friend@3x.png */; };
		6D19ED911D792CBA0088FDC9 /* Shared_QQ@2x.png in Resources */ = {isa = PBXBuildFile; fileRef = 6D19ED771D792CBA0088FDC9 /* Shared_QQ@2x.png */; };
		6D19ED921D792CBA0088FDC9 /* Shared_QQ@3x.png in Resources */ = {isa = PBXBuildFile; fileRef = 6D19ED781D792CBA0088FDC9 /* Shared_QQ@3x.png */; };
		6D19ED931D792CBA0088FDC9 /* Shared_Wechat@2x.png in Resources */ = {isa = PBXBuildFile; fileRef = 6D19ED7A1D792CBA0088FDC9 /* Shared_Wechat@2x.png */; };
		6D19ED941D792CBA0088FDC9 /* Shared_Wechat@3x.png in Resources */ = {isa = PBXBuildFile; fileRef = 6D19ED7B1D792CBA0088FDC9 /* Shared_Wechat@3x.png */; };
		6D19ED951D792CBA0088FDC9 /* Shared_Weibo@2x.png in Resources */ = {isa = PBXBuildFile; fileRef = 6D19ED7D1D792CBA0088FDC9 /* Shared_Weibo@2x.png */; };
		6D19ED961D792CBA0088FDC9 /* Shared_Weibo@3x.png in Resources */ = {isa = PBXBuildFile; fileRef = 6D19ED7E1D792CBA0088FDC9 /* Shared_Weibo@3x.png */; };
		6D19ED971D792CBA0088FDC9 /* XTShare.m in Sources */ = {isa = PBXBuildFile; fileRef = 6D19ED801D792CBA0088FDC9 /* XTShare.m */; };
		6D1E04721D7839D900EAA21E /* main.m in Sources */ = {isa = PBXBuildFile; fileRef = 6D1E04711D7839D900EAA21E /* main.m */; };
		6D1E04751D7839D900EAA21E /* AppDelegate.m in Sources */ = {isa = PBXBuildFile; fileRef = 6D1E04741D7839D900EAA21E /* AppDelegate.m */; };
		6D1E04781D7839D900EAA21E /* ViewController.m in Sources */ = {isa = PBXBuildFile; fileRef = 6D1E04771D7839D900EAA21E /* ViewController.m */; };
		6D1E047B1D7839D900EAA21E /* Main.storyboard in Resources */ = {isa = PBXBuildFile; fileRef = 6D1E04791D7839D900EAA21E /* Main.storyboard */; };
		6D1E047D1D7839D900EAA21E /* Assets.xcassets in Resources */ = {isa = PBXBuildFile; fileRef = 6D1E047C1D7839D900EAA21E /* Assets.xcassets */; };
		6D1E04801D7839D900EAA21E /* LaunchScreen.storyboard in Resources */ = {isa = PBXBuildFile; fileRef = 6D1E047E1D7839D900EAA21E /* LaunchScreen.storyboard */; };
		6D1E048B1D7839D900EAA21E /* XTShareExampleTests.m in Sources */ = {isa = PBXBuildFile; fileRef = 6D1E048A1D7839D900EAA21E /* XTShareExampleTests.m */; };
		6D1E04961D7839DA00EAA21E /* XTShareExampleUITests.m in Sources */ = {isa = PBXBuildFile; fileRef = 6D1E04951D7839DA00EAA21E /* XTShareExampleUITests.m */; };
/* End PBXBuildFile section */

/* Begin PBXContainerItemProxy section */
		6D1E04871D7839D900EAA21E /* PBXContainerItemProxy */ = {
			isa = PBXContainerItemProxy;
			containerPortal = 6D1E04651D7839D900EAA21E /* Project object */;
			proxyType = 1;
			remoteGlobalIDString = 6D1E046C1D7839D900EAA21E;
			remoteInfo = XTShareExample;
		};
		6D1E04921D7839DA00EAA21E /* PBXContainerItemProxy */ = {
			isa = PBXContainerItemProxy;
			containerPortal = 6D1E04651D7839D900EAA21E /* Project object */;
			proxyType = 1;
			remoteGlobalIDString = 6D1E046C1D7839D900EAA21E;
			remoteInfo = XTShareExample;
		};
/* End PBXContainerItemProxy section */

/* Begin PBXFileReference section */
		6D19ED3B1D792BCB0088FDC9 /* libicucore.tbd */ = {isa = PBXFileReference; lastKnownFileType = "sourcecode.text-based-dylib-definition"; name = libicucore.tbd; path = usr/lib/libicucore.tbd; sourceTree = SDKROOT; };
		6D19ED3D1D792BD50088FDC9 /* libz.tbd */ = {isa = PBXFileReference; lastKnownFileType = "sourcecode.text-based-dylib-definition"; name = libz.tbd; path = usr/lib/libz.tbd; sourceTree = SDKROOT; };
		6D19ED3F1D792BE30088FDC9 /* libstdc++.tbd */ = {isa = PBXFileReference; lastKnownFileType = "sourcecode.text-based-dylib-definition"; name = "libstdc++.tbd"; path = "usr/lib/libstdc++.tbd"; sourceTree = SDKROOT; };
		6D19ED411D792BEA0088FDC9 /* JavaScriptCore.framework */ = {isa = PBXFileReference; lastKnownFileType = wrapper.framework; name = JavaScriptCore.framework; path = System/Library/Frameworks/JavaScriptCore.framework; sourceTree = SDKROOT; };
		6D19ED431D792BF30088FDC9 /* ImageIO.framework */ = {isa = PBXFileReference; lastKnownFileType = wrapper.framework; name = ImageIO.framework; path = System/Library/Frameworks/ImageIO.framework; sourceTree = SDKROOT; };
		6D19ED451D792BFE0088FDC9 /* libsqlite3.tbd */ = {isa = PBXFileReference; lastKnownFileType = "sourcecode.text-based-dylib-definition"; name = libsqlite3.tbd; path = usr/lib/libsqlite3.tbd; sourceTree = SDKROOT; };
		6D19ED4A1D792CBA0088FDC9 /* TencentOpenAPI.framework */ = {isa = PBXFileReference; lastKnownFileType = wrapper.framework; path = TencentOpenAPI.framework; sourceTree = "<group>"; };
		6D19ED4B1D792CBA0088FDC9 /* TencentOpenApi_IOS_Bundle.bundle */ = {isa = PBXFileReference; lastKnownFileType = "wrapper.plug-in"; path = TencentOpenApi_IOS_Bundle.bundle; sourceTree = "<group>"; };
		6D19ED4D1D792CBA0088FDC9 /* libWeiboSDK.a */ = {isa = PBXFileReference; lastKnownFileType = archive.ar; path = libWeiboSDK.a; sourceTree = "<group>"; };
		6D19ED4E1D792CBA0088FDC9 /* WBHttpRequest+WeiboGame.h */ = {isa = PBXFileReference; fileEncoding = 4; lastKnownFileType = sourcecode.c.h; path = "WBHttpRequest+WeiboGame.h"; sourceTree = "<group>"; };
		6D19ED4F1D792CBA0088FDC9 /* WBHttpRequest+WeiboShare.h */ = {isa = PBXFileReference; fileEncoding = 4; lastKnownFileType = sourcecode.c.h; path = "WBHttpRequest+WeiboShare.h"; sourceTree = "<group>"; };
		6D19ED501D792CBA0088FDC9 /* WBHttpRequest+WeiboToken.h */ = {isa = PBXFileReference; fileEncoding = 4; lastKnownFileType = sourcecode.c.h; path = "WBHttpRequest+WeiboToken.h"; sourceTree = "<group>"; };
		6D19ED511D792CBA0088FDC9 /* WBHttpRequest+WeiboUser.h */ = {isa = PBXFileReference; fileEncoding = 4; lastKnownFileType = sourcecode.c.h; path = "WBHttpRequest+WeiboUser.h"; sourceTree = "<group>"; };
		6D19ED521D792CBA0088FDC9 /* WBHttpRequest.h */ = {isa = PBXFileReference; fileEncoding = 4; lastKnownFileType = sourcecode.c.h; path = WBHttpRequest.h; sourceTree = "<group>"; };
		6D19ED531D792CBA0088FDC9 /* WBSDKBasicButton.h */ = {isa = PBXFileReference; fileEncoding = 4; lastKnownFileType = sourcecode.c.h; path = WBSDKBasicButton.h; sourceTree = "<group>"; };
		6D19ED541D792CBA0088FDC9 /* WBSDKCommentButton.h */ = {isa = PBXFileReference; fileEncoding = 4; lastKnownFileType = sourcecode.c.h; path = WBSDKCommentButton.h; sourceTree = "<group>"; };
		6D19ED551D792CBA0088FDC9 /* WBSDKRelationshipButton.h */ = {isa = PBXFileReference; fileEncoding = 4; lastKnownFileType = sourcecode.c.h; path = WBSDKRelationshipButton.h; sourceTree = "<group>"; };
		6D19ED561D792CBA0088FDC9 /* WeiboSDK+Statistics.h */ = {isa = PBXFileReference; fileEncoding = 4; lastKnownFileType = sourcecode.c.h; path = "WeiboSDK+Statistics.h"; sourceTree = "<group>"; };
		6D19ED571D792CBA0088FDC9 /* WeiboSDK.bundle */ = {isa = PBXFileReference; lastKnownFileType = "wrapper.plug-in"; path = WeiboSDK.bundle; sourceTree = "<group>"; };
		6D19ED581D792CBA0088FDC9 /* WeiboSDK.h */ = {isa = PBXFileReference; fileEncoding = 4; lastKnownFileType = sourcecode.c.h; path = WeiboSDK.h; sourceTree = "<group>"; };
		6D19ED591D792CBA0088FDC9 /* WeiboUser.h */ = {isa = PBXFileReference; fileEncoding = 4; lastKnownFileType = sourcecode.c.h; path = WeiboUser.h; sourceTree = "<group>"; };
		6D19ED5B1D792CBA0088FDC9 /* libWeChatSDK.a */ = {isa = PBXFileReference; lastKnownFileType = archive.ar; path = libWeChatSDK.a; sourceTree = "<group>"; };
		6D19ED5C1D792CBA0088FDC9 /* README.txt */ = {isa = PBXFileReference; fileEncoding = 4; lastKnownFileType = text; path = README.txt; sourceTree = "<group>"; };
		6D19ED5D1D792CBA0088FDC9 /* WechatAuthSDK.h */ = {isa = PBXFileReference; fileEncoding = 4; lastKnownFileType = sourcecode.c.h; path = WechatAuthSDK.h; sourceTree = "<group>"; };
		6D19ED5E1D792CBA0088FDC9 /* WXApi.h */ = {isa = PBXFileReference; fileEncoding = 4; lastKnownFileType = sourcecode.c.h; path = WXApi.h; sourceTree = "<group>"; };
		6D19ED5F1D792CBA0088FDC9 /* WXApiObject.h */ = {isa = PBXFileReference; fileEncoding = 4; lastKnownFileType = sourcecode.c.h; path = WXApiObject.h; sourceTree = "<group>"; };
		6D19ED611D792CBA0088FDC9 /* XTCheckAppInstalled.h */ = {isa = PBXFileReference; fileEncoding = 4; lastKnownFileType = sourcecode.c.h; path = XTCheckAppInstalled.h; sourceTree = "<group>"; };
		6D19ED621D792CBA0088FDC9 /* XTCheckAppInstalled.m */ = {isa = PBXFileReference; fileEncoding = 4; lastKnownFileType = sourcecode.c.objc; path = XTCheckAppInstalled.m; sourceTree = "<group>"; };
		6D19ED631D792CBA0088FDC9 /* XTShareRequestHander.h */ = {isa = PBXFileReference; fileEncoding = 4; lastKnownFileType = sourcecode.c.h; path = XTShareRequestHander.h; sourceTree = "<group>"; };
		6D19ED641D792CBA0088FDC9 /* XTShareRequestHander.m */ = {isa = PBXFileReference; fileEncoding = 4; lastKnownFileType = sourcecode.c.objc; path = XTShareRequestHander.m; sourceTree = "<group>"; };
		6D19ED651D792CBA0088FDC9 /* XTShareServices.h */ = {isa = PBXFileReference; fileEncoding = 4; lastKnownFileType = sourcecode.c.h; path = XTShareServices.h; sourceTree = "<group>"; };
		6D19ED661D792CBA0088FDC9 /* XTShareServices.m */ = {isa = PBXFileReference; fileEncoding = 4; lastKnownFileType = sourcecode.c.objc; path = XTShareServices.m; sourceTree = "<group>"; };
		6D19ED671D792CBA0088FDC9 /* XTShareUI.h */ = {isa = PBXFileReference; fileEncoding = 4; lastKnownFileType = sourcecode.c.h; path = XTShareUI.h; sourceTree = "<group>"; };
		6D19ED681D792CBA0088FDC9 /* XTShareUI.m */ = {isa = PBXFileReference; fileEncoding = 4; lastKnownFileType = sourcecode.c.objc; path = XTShareUI.m; sourceTree = "<group>"; };
		6D19ED6A1D792CBA0088FDC9 /* XTQQApiManager.h */ = {isa = PBXFileReference; fileEncoding = 4; lastKnownFileType = sourcecode.c.h; path = XTQQApiManager.h; sourceTree = "<group>"; };
		6D19ED6B1D792CBA0088FDC9 /* XTQQApiManager.m */ = {isa = PBXFileReference; fileEncoding = 4; lastKnownFileType = sourcecode.c.objc; path = XTQQApiManager.m; sourceTree = "<group>"; };
		6D19ED6C1D792CBA0088FDC9 /* XTShareManager.h */ = {isa = PBXFileReference; fileEncoding = 4; lastKnownFileType = sourcecode.c.h; path = XTShareManager.h; sourceTree = "<group>"; };
		6D19ED6D1D792CBA0088FDC9 /* XTShareManager.m */ = {isa = PBXFileReference; fileEncoding = 4; lastKnownFileType = sourcecode.c.objc; path = XTShareManager.m; sourceTree = "<group>"; };
		6D19ED6E1D792CBA0088FDC9 /* XTWBApiManager.h */ = {isa = PBXFileReference; fileEncoding = 4; lastKnownFileType = sourcecode.c.h; path = XTWBApiManager.h; sourceTree = "<group>"; };
		6D19ED6F1D792CBA0088FDC9 /* XTWBApiManager.m */ = {isa = PBXFileReference; fileEncoding = 4; lastKnownFileType = sourcecode.c.objc; path = XTWBApiManager.m; sourceTree = "<group>"; };
		6D19ED701D792CBA0088FDC9 /* XTWXApiManager.h */ = {isa = PBXFileReference; fileEncoding = 4; lastKnownFileType = sourcecode.c.h; path = XTWXApiManager.h; sourceTree = "<group>"; };
		6D19ED711D792CBA0088FDC9 /* XTWXApiManager.m */ = {isa = PBXFileReference; fileEncoding = 4; lastKnownFileType = sourcecode.c.objc; path = XTWXApiManager.m; sourceTree = "<group>"; };
		6D19ED741D792CBA0088FDC9 /* Shared_Friend@2x.png */ = {isa = PBXFileReference; lastKnownFileType = image.png; path = "Shared_Friend@2x.png"; sourceTree = "<group>"; };
		6D19ED751D792CBA0088FDC9 /* Shared_Friend@3x.png */ = {isa = PBXFileReference; lastKnownFileType = image.png; path = "Shared_Friend@3x.png"; sourceTree = "<group>"; };
		6D19ED771D792CBA0088FDC9 /* Shared_QQ@2x.png */ = {isa = PBXFileReference; lastKnownFileType = image.png; path = "Shared_QQ@2x.png"; sourceTree = "<group>"; };
		6D19ED781D792CBA0088FDC9 /* Shared_QQ@3x.png */ = {isa = PBXFileReference; lastKnownFileType = image.png; path = "Shared_QQ@3x.png"; sourceTree = "<group>"; };
		6D19ED7A1D792CBA0088FDC9 /* Shared_Wechat@2x.png */ = {isa = PBXFileReference; lastKnownFileType = image.png; path = "Shared_Wechat@2x.png"; sourceTree = "<group>"; };
		6D19ED7B1D792CBA0088FDC9 /* Shared_Wechat@3x.png */ = {isa = PBXFileReference; lastKnownFileType = image.png; path = "Shared_Wechat@3x.png"; sourceTree = "<group>"; };
		6D19ED7D1D792CBA0088FDC9 /* Shared_Weibo@2x.png */ = {isa = PBXFileReference; lastKnownFileType = image.png; path = "Shared_Weibo@2x.png"; sourceTree = "<group>"; };
		6D19ED7E1D792CBA0088FDC9 /* Shared_Weibo@3x.png */ = {isa = PBXFileReference; lastKnownFileType = image.png; path = "Shared_Weibo@3x.png"; sourceTree = "<group>"; };
		6D19ED7F1D792CBA0088FDC9 /* XTShare.h */ = {isa = PBXFileReference; fileEncoding = 4; lastKnownFileType = sourcecode.c.h; path = XTShare.h; sourceTree = "<group>"; };
		6D19ED801D792CBA0088FDC9 /* XTShare.m */ = {isa = PBXFileReference; fileEncoding = 4; lastKnownFileType = sourcecode.c.objc; path = XTShare.m; sourceTree = "<group>"; };
		6D1E046D1D7839D900EAA21E /* XTShareExample.app */ = {isa = PBXFileReference; explicitFileType = wrapper.application; includeInIndex = 0; path = XTShareExample.app; sourceTree = BUILT_PRODUCTS_DIR; };
		6D1E04711D7839D900EAA21E /* main.m */ = {isa = PBXFileReference; lastKnownFileType = sourcecode.c.objc; path = main.m; sourceTree = "<group>"; };
		6D1E04731D7839D900EAA21E /* AppDelegate.h */ = {isa = PBXFileReference; lastKnownFileType = sourcecode.c.h; path = AppDelegate.h; sourceTree = "<group>"; };
		6D1E04741D7839D900EAA21E /* AppDelegate.m */ = {isa = PBXFileReference; lastKnownFileType = sourcecode.c.objc; path = AppDelegate.m; sourceTree = "<group>"; };
		6D1E04761D7839D900EAA21E /* ViewController.h */ = {isa = PBXFileReference; lastKnownFileType = sourcecode.c.h; path = ViewController.h; sourceTree = "<group>"; };
		6D1E04771D7839D900EAA21E /* ViewController.m */ = {isa = PBXFileReference; lastKnownFileType = sourcecode.c.objc; path = ViewController.m; sourceTree = "<group>"; };
		6D1E047A1D7839D900EAA21E /* Base */ = {isa = PBXFileReference; lastKnownFileType = file.storyboard; name = Base; path = Base.lproj/Main.storyboard; sourceTree = "<group>"; };
		6D1E047C1D7839D900EAA21E /* Assets.xcassets */ = {isa = PBXFileReference; lastKnownFileType = folder.assetcatalog; path = Assets.xcassets; sourceTree = "<group>"; };
		6D1E047F1D7839D900EAA21E /* Base */ = {isa = PBXFileReference; lastKnownFileType = file.storyboard; name = Base; path = Base.lproj/LaunchScreen.storyboard; sourceTree = "<group>"; };
		6D1E04811D7839D900EAA21E /* Info.plist */ = {isa = PBXFileReference; lastKnownFileType = text.plist.xml; path = Info.plist; sourceTree = "<group>"; };
		6D1E04861D7839D900EAA21E /* XTShareExampleTests.xctest */ = {isa = PBXFileReference; explicitFileType = wrapper.cfbundle; includeInIndex = 0; path = XTShareExampleTests.xctest; sourceTree = BUILT_PRODUCTS_DIR; };
		6D1E048A1D7839D900EAA21E /* XTShareExampleTests.m */ = {isa = PBXFileReference; lastKnownFileType = sourcecode.c.objc; path = XTShareExampleTests.m; sourceTree = "<group>"; };
		6D1E048C1D7839DA00EAA21E /* Info.plist */ = {isa = PBXFileReference; lastKnownFileType = text.plist.xml; path = Info.plist; sourceTree = "<group>"; };
		6D1E04911D7839DA00EAA21E /* XTShareExampleUITests.xctest */ = {isa = PBXFileReference; explicitFileType = wrapper.cfbundle; includeInIndex = 0; path = XTShareExampleUITests.xctest; sourceTree = BUILT_PRODUCTS_DIR; };
		6D1E04951D7839DA00EAA21E /* XTShareExampleUITests.m */ = {isa = PBXFileReference; lastKnownFileType = sourcecode.c.objc; path = XTShareExampleUITests.m; sourceTree = "<group>"; };
		6D1E04971D7839DA00EAA21E /* Info.plist */ = {isa = PBXFileReference; lastKnownFileType = text.plist.xml; path = Info.plist; sourceTree = "<group>"; };
/* End PBXFileReference section */

/* Begin PBXFrameworksBuildPhase section */
		6D1E046A1D7839D900EAA21E /* Frameworks */ = {
			isa = PBXFrameworksBuildPhase;
			buildActionMask = 2147483647;
			files = (
				6D19ED461D792BFE0088FDC9 /* libsqlite3.tbd in Frameworks */,
				6D19ED441D792BF30088FDC9 /* ImageIO.framework in Frameworks */,
				6D19ED851D792CBA0088FDC9 /* libWeChatSDK.a in Frameworks */,
				6D19ED421D792BEA0088FDC9 /* JavaScriptCore.framework in Frameworks */,
				6D19ED831D792CBA0088FDC9 /* libWeiboSDK.a in Frameworks */,
				6D19ED401D792BE30088FDC9 /* libstdc++.tbd in Frameworks */,
				6D19ED3E1D792BD50088FDC9 /* libz.tbd in Frameworks */,
				6D19ED811D792CBA0088FDC9 /* TencentOpenAPI.framework in Frameworks */,
				6D19ED3C1D792BCB0088FDC9 /* libicucore.tbd in Frameworks */,
			);
			runOnlyForDeploymentPostprocessing = 0;
		};
		6D1E04831D7839D900EAA21E /* Frameworks */ = {
			isa = PBXFrameworksBuildPhase;
			buildActionMask = 2147483647;
			files = (
			);
			runOnlyForDeploymentPostprocessing = 0;
		};
		6D1E048E1D7839DA00EAA21E /* Frameworks */ = {
			isa = PBXFrameworksBuildPhase;
			buildActionMask = 2147483647;
			files = (
			);
			runOnlyForDeploymentPostprocessing = 0;
		};
/* End PBXFrameworksBuildPhase section */

/* Begin PBXGroup section */
		6D19ED471D792CBA0088FDC9 /* XTShare */ = {
			isa = PBXGroup;
			children = (
				6D19ED481D792CBA0088FDC9 /* BaseSDK */,
				6D19ED601D792CBA0088FDC9 /* Core */,
				6D19ED691D792CBA0088FDC9 /* Manager */,
				6D19ED721D792CBA0088FDC9 /* Resource */,
				6D19ED7F1D792CBA0088FDC9 /* XTShare.h */,
				6D19ED801D792CBA0088FDC9 /* XTShare.m */,
			);
			path = XTShare;
			sourceTree = "<group>";
		};
		6D19ED481D792CBA0088FDC9 /* BaseSDK */ = {
			isa = PBXGroup;
			children = (
				6D19ED491D792CBA0088FDC9 /* QQSDK */,
				6D19ED4C1D792CBA0088FDC9 /* SinaWeiboSDK */,
				6D19ED5A1D792CBA0088FDC9 /* WeChatSDK */,
			);
			path = BaseSDK;
			sourceTree = "<group>";
		};
		6D19ED491D792CBA0088FDC9 /* QQSDK */ = {
			isa = PBXGroup;
			children = (
				6D19ED4A1D792CBA0088FDC9 /* TencentOpenAPI.framework */,
				6D19ED4B1D792CBA0088FDC9 /* TencentOpenApi_IOS_Bundle.bundle */,
			);
			path = QQSDK;
			sourceTree = "<group>";
		};
		6D19ED4C1D792CBA0088FDC9 /* SinaWeiboSDK */ = {
			isa = PBXGroup;
			children = (
				6D19ED4D1D792CBA0088FDC9 /* libWeiboSDK.a */,
				6D19ED4E1D792CBA0088FDC9 /* WBHttpRequest+WeiboGame.h */,
				6D19ED4F1D792CBA0088FDC9 /* WBHttpRequest+WeiboShare.h */,
				6D19ED501D792CBA0088FDC9 /* WBHttpRequest+WeiboToken.h */,
				6D19ED511D792CBA0088FDC9 /* WBHttpRequest+WeiboUser.h */,
				6D19ED521D792CBA0088FDC9 /* WBHttpRequest.h */,
				6D19ED531D792CBA0088FDC9 /* WBSDKBasicButton.h */,
				6D19ED541D792CBA0088FDC9 /* WBSDKCommentButton.h */,
				6D19ED551D792CBA0088FDC9 /* WBSDKRelationshipButton.h */,
				6D19ED561D792CBA0088FDC9 /* WeiboSDK+Statistics.h */,
				6D19ED571D792CBA0088FDC9 /* WeiboSDK.bundle */,
				6D19ED581D792CBA0088FDC9 /* WeiboSDK.h */,
				6D19ED591D792CBA0088FDC9 /* WeiboUser.h */,
			);
			path = SinaWeiboSDK;
			sourceTree = "<group>";
		};
		6D19ED5A1D792CBA0088FDC9 /* WeChatSDK */ = {
			isa = PBXGroup;
			children = (
				6D19ED5B1D792CBA0088FDC9 /* libWeChatSDK.a */,
				6D19ED5C1D792CBA0088FDC9 /* README.txt */,
				6D19ED5D1D792CBA0088FDC9 /* WechatAuthSDK.h */,
				6D19ED5E1D792CBA0088FDC9 /* WXApi.h */,
				6D19ED5F1D792CBA0088FDC9 /* WXApiObject.h */,
			);
			path = WeChatSDK;
			sourceTree = "<group>";
		};
		6D19ED601D792CBA0088FDC9 /* Core */ = {
			isa = PBXGroup;
			children = (
				6D19ED611D792CBA0088FDC9 /* XTCheckAppInstalled.h */,
				6D19ED621D792CBA0088FDC9 /* XTCheckAppInstalled.m */,
				6D19ED631D792CBA0088FDC9 /* XTShareRequestHander.h */,
				6D19ED641D792CBA0088FDC9 /* XTShareRequestHander.m */,
				6D19ED651D792CBA0088FDC9 /* XTShareServices.h */,
				6D19ED661D792CBA0088FDC9 /* XTShareServices.m */,
				6D19ED671D792CBA0088FDC9 /* XTShareUI.h */,
				6D19ED681D792CBA0088FDC9 /* XTShareUI.m */,
			);
			path = Core;
			sourceTree = "<group>";
		};
		6D19ED691D792CBA0088FDC9 /* Manager */ = {
			isa = PBXGroup;
			children = (
				6D19ED6A1D792CBA0088FDC9 /* XTQQApiManager.h */,
				6D19ED6B1D792CBA0088FDC9 /* XTQQApiManager.m */,
				6D19ED6C1D792CBA0088FDC9 /* XTShareManager.h */,
				6D19ED6D1D792CBA0088FDC9 /* XTShareManager.m */,
				6D19ED6E1D792CBA0088FDC9 /* XTWBApiManager.h */,
				6D19ED6F1D792CBA0088FDC9 /* XTWBApiManager.m */,
				6D19ED701D792CBA0088FDC9 /* XTWXApiManager.h */,
				6D19ED711D792CBA0088FDC9 /* XTWXApiManager.m */,
			);
			path = Manager;
			sourceTree = "<group>";
		};
		6D19ED721D792CBA0088FDC9 /* Resource */ = {
			isa = PBXGroup;
			children = (
				6D19ED731D792CBA0088FDC9 /* Shared_Friend.imageset */,
				6D19ED761D792CBA0088FDC9 /* Shared_QQ.imageset */,
				6D19ED791D792CBA0088FDC9 /* Shared_Wechat.imageset */,
				6D19ED7C1D792CBA0088FDC9 /* Shared_Weibo.imageset */,
			);
			path = Resource;
			sourceTree = "<group>";
		};
		6D19ED731D792CBA0088FDC9 /* Shared_Friend.imageset */ = {
			isa = PBXGroup;
			children = (
				6D19ED741D792CBA0088FDC9 /* Shared_Friend@2x.png */,
				6D19ED751D792CBA0088FDC9 /* Shared_Friend@3x.png */,
			);
			path = Shared_Friend.imageset;
			sourceTree = "<group>";
		};
		6D19ED761D792CBA0088FDC9 /* Shared_QQ.imageset */ = {
			isa = PBXGroup;
			children = (
				6D19ED771D792CBA0088FDC9 /* Shared_QQ@2x.png */,
				6D19ED781D792CBA0088FDC9 /* Shared_QQ@3x.png */,
			);
			path = Shared_QQ.imageset;
			sourceTree = "<group>";
		};
		6D19ED791D792CBA0088FDC9 /* Shared_Wechat.imageset */ = {
			isa = PBXGroup;
			children = (
				6D19ED7A1D792CBA0088FDC9 /* Shared_Wechat@2x.png */,
				6D19ED7B1D792CBA0088FDC9 /* Shared_Wechat@3x.png */,
			);
			path = Shared_Wechat.imageset;
			sourceTree = "<group>";
		};
		6D19ED7C1D792CBA0088FDC9 /* Shared_Weibo.imageset */ = {
			isa = PBXGroup;
			children = (
				6D19ED7D1D792CBA0088FDC9 /* Shared_Weibo@2x.png */,
				6D19ED7E1D792CBA0088FDC9 /* Shared_Weibo@3x.png */,
			);
			path = Shared_Weibo.imageset;
			sourceTree = "<group>";
		};
		6D1E04641D7839D900EAA21E = {
			isa = PBXGroup;
			children = (
				6D19ED451D792BFE0088FDC9 /* libsqlite3.tbd */,
				6D19ED431D792BF30088FDC9 /* ImageIO.framework */,
				6D19ED411D792BEA0088FDC9 /* JavaScriptCore.framework */,
				6D19ED3F1D792BE30088FDC9 /* libstdc++.tbd */,
				6D19ED3D1D792BD50088FDC9 /* libz.tbd */,
				6D19ED3B1D792BCB0088FDC9 /* libicucore.tbd */,
				6D1E046F1D7839D900EAA21E /* XTShareExample */,
				6D1E04891D7839D900EAA21E /* XTShareExampleTests */,
				6D1E04941D7839DA00EAA21E /* XTShareExampleUITests */,
				6D1E046E1D7839D900EAA21E /* Products */,
			);
			sourceTree = "<group>";
		};
		6D1E046E1D7839D900EAA21E /* Products */ = {
			isa = PBXGroup;
			children = (
				6D1E046D1D7839D900EAA21E /* XTShareExample.app */,
				6D1E04861D7839D900EAA21E /* XTShareExampleTests.xctest */,
				6D1E04911D7839DA00EAA21E /* XTShareExampleUITests.xctest */,
			);
			name = Products;
			sourceTree = "<group>";
		};
		6D1E046F1D7839D900EAA21E /* XTShareExample */ = {
			isa = PBXGroup;
			children = (
				6D1E04731D7839D900EAA21E /* AppDelegate.h */,
				6D1E04741D7839D900EAA21E /* AppDelegate.m */,
				6D1E04761D7839D900EAA21E /* ViewController.h */,
				6D1E04771D7839D900EAA21E /* ViewController.m */,
				6D1E04791D7839D900EAA21E /* Main.storyboard */,
				6D1E047C1D7839D900EAA21E /* Assets.xcassets */,
				6D1E047E1D7839D900EAA21E /* LaunchScreen.storyboard */,
				6D1E04811D7839D900EAA21E /* Info.plist */,
				6D19ED471D792CBA0088FDC9 /* XTShare */,
				6D1E04701D7839D900EAA21E /* Supporting Files */,
			);
			path = XTShareExample;
			sourceTree = "<group>";
		};
		6D1E04701D7839D900EAA21E /* Supporting Files */ = {
			isa = PBXGroup;
			children = (
				6D1E04711D7839D900EAA21E /* main.m */,
			);
			name = "Supporting Files";
			sourceTree = "<group>";
		};
		6D1E04891D7839D900EAA21E /* XTShareExampleTests */ = {
			isa = PBXGroup;
			children = (
				6D1E048A1D7839D900EAA21E /* XTShareExampleTests.m */,
				6D1E048C1D7839DA00EAA21E /* Info.plist */,
			);
			path = XTShareExampleTests;
			sourceTree = "<group>";
		};
		6D1E04941D7839DA00EAA21E /* XTShareExampleUITests */ = {
			isa = PBXGroup;
			children = (
				6D1E04951D7839DA00EAA21E /* XTShareExampleUITests.m */,
				6D1E04971D7839DA00EAA21E /* Info.plist */,
			);
			path = XTShareExampleUITests;
			sourceTree = "<group>";
		};
/* End PBXGroup section */

/* Begin PBXNativeTarget section */
		6D1E046C1D7839D900EAA21E /* XTShareExample */ = {
			isa = PBXNativeTarget;
			buildConfigurationList = 6D1E049A1D7839DA00EAA21E /* Build configuration list for PBXNativeTarget "XTShareExample" */;
			buildPhases = (
				6D1E04691D7839D900EAA21E /* Sources */,
				6D1E046A1D7839D900EAA21E /* Frameworks */,
				6D1E046B1D7839D900EAA21E /* Resources */,
			);
			buildRules = (
			);
			dependencies = (
			);
			name = XTShareExample;
			productName = XTShareExample;
			productReference = 6D1E046D1D7839D900EAA21E /* XTShareExample.app */;
			productType = "com.apple.product-type.application";
		};
		6D1E04851D7839D900EAA21E /* XTShareExampleTests */ = {
			isa = PBXNativeTarget;
			buildConfigurationList = 6D1E049D1D7839DA00EAA21E /* Build configuration list for PBXNativeTarget "XTShareExampleTests" */;
			buildPhases = (
				6D1E04821D7839D900EAA21E /* Sources */,
				6D1E04831D7839D900EAA21E /* Frameworks */,
				6D1E04841D7839D900EAA21E /* Resources */,
			);
			buildRules = (
			);
			dependencies = (
				6D1E04881D7839D900EAA21E /* PBXTargetDependency */,
			);
			name = XTShareExampleTests;
			productName = XTShareExampleTests;
			productReference = 6D1E04861D7839D900EAA21E /* XTShareExampleTests.xctest */;
			productType = "com.apple.product-type.bundle.unit-test";
		};
		6D1E04901D7839DA00EAA21E /* XTShareExampleUITests */ = {
			isa = PBXNativeTarget;
			buildConfigurationList = 6D1E04A01D7839DA00EAA21E /* Build configuration list for PBXNativeTarget "XTShareExampleUITests" */;
			buildPhases = (
				6D1E048D1D7839DA00EAA21E /* Sources */,
				6D1E048E1D7839DA00EAA21E /* Frameworks */,
				6D1E048F1D7839DA00EAA21E /* Resources */,
			);
			buildRules = (
			);
			dependencies = (
				6D1E04931D7839DA00EAA21E /* PBXTargetDependency */,
			);
			name = XTShareExampleUITests;
			productName = XTShareExampleUITests;
			productReference = 6D1E04911D7839DA00EAA21E /* XTShareExampleUITests.xctest */;
			productType = "com.apple.product-type.bundle.ui-testing";
		};
/* End PBXNativeTarget section */

/* Begin PBXProject section */
		6D1E04651D7839D900EAA21E /* Project object */ = {
			isa = PBXProject;
			attributes = {
				LastUpgradeCheck = 0730;
				ORGANIZATIONNAME = "XT Xiong";
				TargetAttributes = {
					6D1E046C1D7839D900EAA21E = {
						CreatedOnToolsVersion = 7.3.1;
					};
					6D1E04851D7839D900EAA21E = {
						CreatedOnToolsVersion = 7.3.1;
						TestTargetID = 6D1E046C1D7839D900EAA21E;
					};
					6D1E04901D7839DA00EAA21E = {
						CreatedOnToolsVersion = 7.3.1;
						TestTargetID = 6D1E046C1D7839D900EAA21E;
					};
				};
			};
			buildConfigurationList = 6D1E04681D7839D900EAA21E /* Build configuration list for PBXProject "XTShareExample" */;
			compatibilityVersion = "Xcode 3.2";
			developmentRegion = English;
			hasScannedForEncodings = 0;
			knownRegions = (
				en,
				Base,
			);
			mainGroup = 6D1E04641D7839D900EAA21E;
			productRefGroup = 6D1E046E1D7839D900EAA21E /* Products */;
			projectDirPath = "";
			projectRoot = "";
			targets = (
				6D1E046C1D7839D900EAA21E /* XTShareExample */,
				6D1E04851D7839D900EAA21E /* XTShareExampleTests */,
				6D1E04901D7839DA00EAA21E /* XTShareExampleUITests */,
			);
		};
/* End PBXProject section */

/* Begin PBXResourcesBuildPhase section */
		6D1E046B1D7839D900EAA21E /* Resources */ = {
			isa = PBXResourcesBuildPhase;
			buildActionMask = 2147483647;
			files = (
				6D19ED941D792CBA0088FDC9 /* Shared_Wechat@3x.png in Resources */,
				6D19ED961D792CBA0088FDC9 /* Shared_Weibo@3x.png in Resources */,
				6D19ED921D792CBA0088FDC9 /* Shared_QQ@3x.png in Resources */,
				6D19ED901D792CBA0088FDC9 /* Shared_Friend@3x.png in Resources */,
				6D19ED821D792CBA0088FDC9 /* TencentOpenApi_IOS_Bundle.bundle in Resources */,
				6D19ED911D792CBA0088FDC9 /* Shared_QQ@2x.png in Resources */,
				6D19ED8F1D792CBA0088FDC9 /* Shared_Friend@2x.png in Resources */,
				6D1E04801D7839D900EAA21E /* LaunchScreen.storyboard in Resources */,
				6D19ED841D792CBA0088FDC9 /* WeiboSDK.bundle in Resources */,
				6D1E047D1D7839D900EAA21E /* Assets.xcassets in Resources */,
				6D19ED861D792CBA0088FDC9 /* README.txt in Resources */,
				6D19ED931D792CBA0088FDC9 /* Shared_Wechat@2x.png in Resources */,
				6D1E047B1D7839D900EAA21E /* Main.storyboard in Resources */,
				6D19ED951D792CBA0088FDC9 /* Shared_Weibo@2x.png in Resources */,
			);
			runOnlyForDeploymentPostprocessing = 0;
		};
		6D1E04841D7839D900EAA21E /* Resources */ = {
			isa = PBXResourcesBuildPhase;
			buildActionMask = 2147483647;
			files = (
			);
			runOnlyForDeploymentPostprocessing = 0;
		};
		6D1E048F1D7839DA00EAA21E /* Resources */ = {
			isa = PBXResourcesBuildPhase;
			buildActionMask = 2147483647;
			files = (
			);
			runOnlyForDeploymentPostprocessing = 0;
		};
/* End PBXResourcesBuildPhase section */

/* Begin PBXSourcesBuildPhase section */
		6D1E04691D7839D900EAA21E /* Sources */ = {
			isa = PBXSourcesBuildPhase;
			buildActionMask = 2147483647;
			files = (
				6D19ED881D792CBA0088FDC9 /* XTShareRequestHander.m in Sources */,
				6D1E04781D7839D900EAA21E /* ViewController.m in Sources */,
				6D1E04751D7839D900EAA21E /* AppDelegate.m in Sources */,
				6D19ED8E1D792CBA0088FDC9 /* XTWXApiManager.m in Sources */,
				6D19ED8C1D792CBA0088FDC9 /* XTShareManager.m in Sources */,
				6D19ED8A1D792CBA0088FDC9 /* XTShareUI.m in Sources */,
				6D19ED891D792CBA0088FDC9 /* XTShareServices.m in Sources */,
				6D19ED971D792CBA0088FDC9 /* XTShare.m in Sources */,
				6D1E04721D7839D900EAA21E /* main.m in Sources */,
				6D19ED8B1D792CBA0088FDC9 /* XTQQApiManager.m in Sources */,
				6D19ED871D792CBA0088FDC9 /* XTCheckAppInstalled.m in Sources */,
				6D19ED8D1D792CBA0088FDC9 /* XTWBApiManager.m in Sources */,
			);
			runOnlyForDeploymentPostprocessing = 0;
		};
		6D1E04821D7839D900EAA21E /* Sources */ = {
			isa = PBXSourcesBuildPhase;
			buildActionMask = 2147483647;
			files = (
				6D1E048B1D7839D900EAA21E /* XTShareExampleTests.m in Sources */,
			);
			runOnlyForDeploymentPostprocessing = 0;
		};
		6D1E048D1D7839DA00EAA21E /* Sources */ = {
			isa = PBXSourcesBuildPhase;
			buildActionMask = 2147483647;
			files = (
				6D1E04961D7839DA00EAA21E /* XTShareExampleUITests.m in Sources */,
			);
			runOnlyForDeploymentPostprocessing = 0;
		};
/* End PBXSourcesBuildPhase section */

/* Begin PBXTargetDependency section */
		6D1E04881D7839D900EAA21E /* PBXTargetDependency */ = {
			isa = PBXTargetDependency;
			target = 6D1E046C1D7839D900EAA21E /* XTShareExample */;
			targetProxy = 6D1E04871D7839D900EAA21E /* PBXContainerItemProxy */;
		};
		6D1E04931D7839DA00EAA21E /* PBXTargetDependency */ = {
			isa = PBXTargetDependency;
			target = 6D1E046C1D7839D900EAA21E /* XTShareExample */;
			targetProxy = 6D1E04921D7839DA00EAA21E /* PBXContainerItemProxy */;
		};
/* End PBXTargetDependency section */

/* Begin PBXVariantGroup section */
		6D1E04791D7839D900EAA21E /* Main.storyboard */ = {
			isa = PBXVariantGroup;
			children = (
				6D1E047A1D7839D900EAA21E /* Base */,
			);
			name = Main.storyboard;
			sourceTree = "<group>";
		};
		6D1E047E1D7839D900EAA21E /* LaunchScreen.storyboard */ = {
			isa = PBXVariantGroup;
			children = (
				6D1E047F1D7839D900EAA21E /* Base */,
			);
			name = LaunchScreen.storyboard;
			sourceTree = "<group>";
		};
/* End PBXVariantGroup section */

/* Begin XCBuildConfiguration section */
		6D1E04981D7839DA00EAA21E /* Debug */ = {
			isa = XCBuildConfiguration;
			buildSettings = {
				ALWAYS_SEARCH_USER_PATHS = NO;
				CLANG_ANALYZER_NONNULL = YES;
				CLANG_CXX_LANGUAGE_STANDARD = "gnu++0x";
				CLANG_CXX_LIBRARY = "libc++";
				CLANG_ENABLE_MODULES = YES;
				CLANG_ENABLE_OBJC_ARC = YES;
				CLANG_WARN_BOOL_CONVERSION = YES;
				CLANG_WARN_CONSTANT_CONVERSION = YES;
				CLANG_WARN_DIRECT_OBJC_ISA_USAGE = YES_ERROR;
				CLANG_WARN_EMPTY_BODY = YES;
				CLANG_WARN_ENUM_CONVERSION = YES;
				CLANG_WARN_INT_CONVERSION = YES;
				CLANG_WARN_OBJC_ROOT_CLASS = YES_ERROR;
				CLANG_WARN_UNREACHABLE_CODE = YES;
				CLANG_WARN__DUPLICATE_METHOD_MATCH = YES;
				"CODE_SIGN_IDENTITY[sdk=iphoneos*]" = "iPhone Developer";
				COPY_PHASE_STRIP = NO;
				DEBUG_INFORMATION_FORMAT = dwarf;
				ENABLE_STRICT_OBJC_MSGSEND = YES;
				ENABLE_TESTABILITY = YES;
				GCC_C_LANGUAGE_STANDARD = gnu99;
				GCC_DYNAMIC_NO_PIC = NO;
				GCC_NO_COMMON_BLOCKS = YES;
				GCC_OPTIMIZATION_LEVEL = 0;
				GCC_PREPROCESSOR_DEFINITIONS = (
					"DEBUG=1",
					"$(inherited)",
				);
				GCC_WARN_64_TO_32_BIT_CONVERSION = YES;
				GCC_WARN_ABOUT_RETURN_TYPE = YES_ERROR;
				GCC_WARN_UNDECLARED_SELECTOR = YES;
				GCC_WARN_UNINITIALIZED_AUTOS = YES_AGGRESSIVE;
				GCC_WARN_UNUSED_FUNCTION = YES;
				GCC_WARN_UNUSED_VARIABLE = YES;
				IPHONEOS_DEPLOYMENT_TARGET = 9.3;
				MTL_ENABLE_DEBUG_INFO = YES;
				ONLY_ACTIVE_ARCH = YES;
				SDKROOT = iphoneos;
				TARGETED_DEVICE_FAMILY = "1,2";
			};
			name = Debug;
		};
		6D1E04991D7839DA00EAA21E /* Release */ = {
			isa = XCBuildConfiguration;
			buildSettings = {
				ALWAYS_SEARCH_USER_PATHS = NO;
				CLANG_ANALYZER_NONNULL = YES;
				CLANG_CXX_LANGUAGE_STANDARD = "gnu++0x";
				CLANG_CXX_LIBRARY = "libc++";
				CLANG_ENABLE_MODULES = YES;
				CLANG_ENABLE_OBJC_ARC = YES;
				CLANG_WARN_BOOL_CONVERSION = YES;
				CLANG_WARN_CONSTANT_CONVERSION = YES;
				CLANG_WARN_DIRECT_OBJC_ISA_USAGE = YES_ERROR;
				CLANG_WARN_EMPTY_BODY = YES;
				CLANG_WARN_ENUM_CONVERSION = YES;
				CLANG_WARN_INT_CONVERSION = YES;
				CLANG_WARN_OBJC_ROOT_CLASS = YES_ERROR;
				CLANG_WARN_UNREACHABLE_CODE = YES;
				CLANG_WARN__DUPLICATE_METHOD_MATCH = YES;
				"CODE_SIGN_IDENTITY[sdk=iphoneos*]" = "iPhone Developer";
				COPY_PHASE_STRIP = NO;
				DEBUG_INFORMATION_FORMAT = "dwarf-with-dsym";
				ENABLE_NS_ASSERTIONS = NO;
				ENABLE_STRICT_OBJC_MSGSEND = YES;
				GCC_C_LANGUAGE_STANDARD = gnu99;
				GCC_NO_COMMON_BLOCKS = YES;
				GCC_WARN_64_TO_32_BIT_CONVERSION = YES;
				GCC_WARN_ABOUT_RETURN_TYPE = YES_ERROR;
				GCC_WARN_UNDECLARED_SELECTOR = YES;
				GCC_WARN_UNINITIALIZED_AUTOS = YES_AGGRESSIVE;
				GCC_WARN_UNUSED_FUNCTION = YES;
				GCC_WARN_UNUSED_VARIABLE = YES;
				IPHONEOS_DEPLOYMENT_TARGET = 9.3;
				MTL_ENABLE_DEBUG_INFO = NO;
				SDKROOT = iphoneos;
				TARGETED_DEVICE_FAMILY = "1,2";
				VALIDATE_PRODUCT = YES;
			};
			name = Release;
		};
		6D1E049B1D7839DA00EAA21E /* Debug */ = {
			isa = XCBuildConfiguration;
			buildSettings = {
				ASSETCATALOG_COMPILER_APPICON_NAME = AppIcon;
				ENABLE_BITCODE = YES;
				FRAMEWORK_SEARCH_PATHS = (
					"$(inherited)",
					"\"$(SRCROOT)/XTShareExample/XTShare/BaseSDK/SinaWeiboSDK\"",
					"\"$(SRCROOT)/XTShareExample/XTShare/BaseSDK/WeChatSDK\"",
					"\"$(SRCROOT)/XTShareExample/XTShare/BaseSDK/QQSDK\"",
				);
				INFOPLIST_FILE = XTShareExample/Info.plist;
				LD_RUNPATH_SEARCH_PATHS = "$(inherited) @executable_path/Frameworks";
				LIBRARY_SEARCH_PATHS = (
					"$(inherited)",
					"\"$(SRCROOT)/XTShareExample/XTShare/BaseSDK/QQSDK\"",
					"\"$(SRCROOT)/XTShareExample/XTShare/BaseSDK/SinaWeiboSDK\"",
					"\"$(SRCROOT)/XTShareExample/XTShare/BaseSDK/WeChatSDK\"",
				);
				ONLY_ACTIVE_ARCH = NO;
				OTHER_LDFLAGS = "-ObjC";
				PRODUCT_BUNDLE_IDENTIFIER = com.wanjika.XTShareExample;
				PRODUCT_NAME = "$(TARGET_NAME)";
			};
			name = Debug;
		};
		6D1E049C1D7839DA00EAA21E /* Release */ = {
			isa = XCBuildConfiguration;
			buildSettings = {
				ASSETCATALOG_COMPILER_APPICON_NAME = AppIcon;
				ENABLE_BITCODE = YES;
				FRAMEWORK_SEARCH_PATHS = (
					"$(inherited)",
					"\"$(SRCROOT)/XTShareExample/XTShare/BaseSDK/SinaWeiboSDK\"",
					"\"$(SRCROOT)/XTShareExample/XTShare/BaseSDK/WeChatSDK\"",
					"\"$(SRCROOT)/XTShareExample/XTShare/BaseSDK/QQSDK\"",
				);
				INFOPLIST_FILE = XTShareExample/Info.plist;
				LD_RUNPATH_SEARCH_PATHS = "$(inherited) @executable_path/Frameworks";
				LIBRARY_SEARCH_PATHS = (
					"$(inherited)",
					"\"$(SRCROOT)/XTShareExample/XTShare/BaseSDK/QQSDK\"",
					"\"$(SRCROOT)/XTShareExample/XTShare/BaseSDK/SinaWeiboSDK\"",
					"\"$(SRCROOT)/XTShareExample/XTShare/BaseSDK/WeChatSDK\"",
				);
				ONLY_ACTIVE_ARCH = NO;
				OTHER_LDFLAGS = "-ObjC";
				PRODUCT_BUNDLE_IDENTIFIER = com.wanjika.XTShareExample;
				PRODUCT_NAME = "$(TARGET_NAME)";
			};
			name = Release;
		};
		6D1E049E1D7839DA00EAA21E /* Debug */ = {
			isa = XCBuildConfiguration;
			buildSettings = {
				BUNDLE_LOADER = "$(TEST_HOST)";
				INFOPLIST_FILE = XTShareExampleTests/Info.plist;
				LD_RUNPATH_SEARCH_PATHS = "$(inherited) @executable_path/Frameworks @loader_path/Frameworks";
				PRODUCT_BUNDLE_IDENTIFIER = com.wanjika.XTShareExampleTests;
				PRODUCT_NAME = "$(TARGET_NAME)";
				TEST_HOST = "$(BUILT_PRODUCTS_DIR)/XTShareExample.app/XTShareExample";
			};
			name = Debug;
		};
		6D1E049F1D7839DA00EAA21E /* Release */ = {
			isa = XCBuildConfiguration;
			buildSettings = {
				BUNDLE_LOADER = "$(TEST_HOST)";
				INFOPLIST_FILE = XTShareExampleTests/Info.plist;
				LD_RUNPATH_SEARCH_PATHS = "$(inherited) @executable_path/Frameworks @loader_path/Frameworks";
				PRODUCT_BUNDLE_IDENTIFIER = com.wanjika.XTShareExampleTests;
				PRODUCT_NAME = "$(TARGET_NAME)";
				TEST_HOST = "$(BUILT_PRODUCTS_DIR)/XTShareExample.app/XTShareExample";
			};
			name = Release;
		};
		6D1E04A11D7839DA00EAA21E /* Debug */ = {
			isa = XCBuildConfiguration;
			buildSettings = {
				INFOPLIST_FILE = XTShareExampleUITests/Info.plist;
				LD_RUNPATH_SEARCH_PATHS = "$(inherited) @executable_path/Frameworks @loader_path/Frameworks";
				PRODUCT_BUNDLE_IDENTIFIER = com.wanjika.XTShareExampleUITests;
				PRODUCT_NAME = "$(TARGET_NAME)";
				TEST_TARGET_NAME = XTShareExample;
			};
			name = Debug;
		};
		6D1E04A21D7839DA00EAA21E /* Release */ = {
			isa = XCBuildConfiguration;
			buildSettings = {
				INFOPLIST_FILE = XTShareExampleUITests/Info.plist;
				LD_RUNPATH_SEARCH_PATHS = "$(inherited) @executable_path/Frameworks @loader_path/Frameworks";
				PRODUCT_BUNDLE_IDENTIFIER = com.wanjika.XTShareExampleUITests;
				PRODUCT_NAME = "$(TARGET_NAME)";
				TEST_TARGET_NAME = XTShareExample;
			};
			name = Release;
		};
/* End XCBuildConfiguration section */

/* Begin XCConfigurationList section */
		6D1E04681D7839D900EAA21E /* Build configuration list for PBXProject "XTShareExample" */ = {
			isa = XCConfigurationList;
			buildConfigurations = (
				6D1E04981D7839DA00EAA21E /* Debug */,
				6D1E04991D7839DA00EAA21E /* Release */,
			);
			defaultConfigurationIsVisible = 0;
			defaultConfigurationName = Release;
		};
		6D1E049A1D7839DA00EAA21E /* Build configuration list for PBXNativeTarget "XTShareExample" */ = {
			isa = XCConfigurationList;
			buildConfigurations = (
				6D1E049B1D7839DA00EAA21E /* Debug */,
				6D1E049C1D7839DA00EAA21E /* Release */,
			);
			defaultConfigurationIsVisible = 0;
			defaultConfigurationName = Release;
		};
		6D1E049D1D7839DA00EAA21E /* Build configuration list for PBXNativeTarget "XTShareExampleTests" */ = {
			isa = XCConfigurationList;
			buildConfigurations = (
				6D1E049E1D7839DA00EAA21E /* Debug */,
				6D1E049F1D7839DA00EAA21E /* Release */,
			);
			defaultConfigurationIsVisible = 0;
			defaultConfigurationName = Release;
		};
		6D1E04A01D7839DA00EAA21E /* Build configuration list for PBXNativeTarget "XTShareExampleUITests" */ = {
			isa = XCConfigurationList;
			buildConfigurations = (
				6D1E04A11D7839DA00EAA21E /* Debug */,
				6D1E04A21D7839DA00EAA21E /* Release */,
			);
			defaultConfigurationIsVisible = 0;
			defaultConfigurationName = Release;
		};
/* End XCConfigurationList section */
	};
	rootObject = 6D1E04651D7839D900EAA21E /* Project object */;
}
